
Microsoft Visual Studio Solution File, Format Version 12.00
# Visual Studio Version 17
VisualStudioVersion = 17.8.34511.84
MinimumVisualStudioVersion = 10.0.40219.1
Project("{9A19103F-16F7-4668-BE54-9A1E7A4F7556}") = "Fribergs_rentals_2", "Fribergs_rentals_2.csproj", "{362284A6-58FF-4EF8-A27D-7079AF7DCC62}"
EndProject
Global
	GlobalSection(SolutionConfigurationPlatforms) = preSolution
		Debug|Any CPU = Debug|Any CPU
		Release|Any CPU = Release|Any CPU
	EndGlobalSection
	GlobalSection(ProjectConfigurationPlatforms) = postSolution
		{362284A6-58FF-4EF8-A27D-7079AF7DCC62}.Debug|Any CPU.ActiveCfg = Debug|Any CPU
		{362284A6-58FF-4EF8-A27D-7079AF7DCC62}.Debug|Any CPU.Build.0 = Debug|Any CPU
		{362284A6-58FF-4EF8-A27D-7079AF7DCC62}.Release|Any CPU.ActiveCfg = Release|Any CPU
		{362284A6-58FF-4EF8-A27D-7079AF7DCC62}.Release|Any CPU.Build.0 = Release|Any CPU
	EndGlobalSection
	GlobalSection(SolutionProperties) = preSolution
		HideSolutionNode = FALSE
	EndGlobalSection
	GlobalSection(ExtensibilityGlobals) = postSolution
		SolutionGuid = {A9D998B5-5593-4A50-89DA-517EFB9F1259}
	EndGlobalSection
EndGlobal
